
Microsoft Visual Studio Solution File, Format Version 12.00
# Visual Studio Version 17
VisualStudioVersion = 17.2.32516.85
MinimumVisualStudioVersion = 10.0.40219.1
Project("{FAE04EC0-301F-11D3-BF4B-00C04F79EFBC}") = "Modul11.Home", "Modul11.Home\Modul11.Home.csproj", "{E08517F1-F8F3-4569-A694-EB993D982E8E}"
EndProject
Global
	GlobalSection(SolutionConfigurationPlatforms) = preSolution
		Debug|Any CPU = Debug|Any CPU
		Release|Any CPU = Release|Any CPU
	EndGlobalSection
	GlobalSection(ProjectConfigurationPlatforms) = postSolution
		{E08517F1-F8F3-4569-A694-EB993D982E8E}.Debug|Any CPU.ActiveCfg = Debug|Any CPU
		{E08517F1-F8F3-4569-A694-EB993D982E8E}.Debug|Any CPU.Build.0 = Debug|Any CPU
		{E08517F1-F8F3-4569-A694-EB993D982E8E}.Release|Any CPU.ActiveCfg = Release|Any CPU
		{E08517F1-F8F3-4569-A694-EB993D982E8E}.Release|Any CPU.Build.0 = Release|Any CPU
	EndGlobalSection
	GlobalSection(SolutionProperties) = preSolution
		HideSolutionNode = FALSE
	EndGlobalSection
	GlobalSection(ExtensibilityGlobals) = postSolution
		SolutionGuid = {A5E44ABB-2C2D-4879-A5C6-3014A88DF4EE}
	EndGlobalSection
EndGlobal
